// !$*UTF8*$!
{
	archiveVersion = 1;
	classes = {
	};
	objectVersion = 46;
	objects = {

/* Begin PBXBuildFile section */
		96169957F21146DB6F87FD90 /* libPods.a in Frameworks */ = {isa = PBXBuildFile; fileRef = FE0AE3D1D0FC78DE6B669101 /* libPods.a */; };
		C29109C31CD83A5100AA894C /* main.m in Sources */ = {isa = PBXBuildFile; fileRef = C29109C21CD83A5100AA894C /* main.m */; };
		C29109C61CD83A5100AA894C /* AppDelegate.m in Sources */ = {isa = PBXBuildFile; fileRef = C29109C51CD83A5100AA894C /* AppDelegate.m */; };
		C29109C91CD83A5100AA894C /* ViewController.m in Sources */ = {isa = PBXBuildFile; fileRef = C29109C81CD83A5100AA894C /* ViewController.m */; };
		C29109CC1CD83A5100AA894C /* Main.storyboard in Resources */ = {isa = PBXBuildFile; fileRef = C29109CA1CD83A5100AA894C /* Main.storyboard */; };
		C29109CE1CD83A5100AA894C /* Assets.xcassets in Resources */ = {isa = PBXBuildFile; fileRef = C29109CD1CD83A5100AA894C /* Assets.xcassets */; };
		C29109D11CD83A5100AA894C /* LaunchScreen.storyboard in Resources */ = {isa = PBXBuildFile; fileRef = C29109CF1CD83A5100AA894C /* LaunchScreen.storyboard */; };
/* End PBXBuildFile section */

/* Begin PBXFileReference section */
		0E15B6C8D98E38A94C32F5FC /* Pods.release.xcconfig */ = {isa = PBXFileReference; includeInIndex = 1; lastKnownFileType = text.xcconfig; name = Pods.release.xcconfig; path = "Pods/Target Support Files/Pods/Pods.release.xcconfig"; sourceTree = "<group>"; };
		C29109BE1CD83A5100AA894C /* XunChangApp.app */ = {isa = PBXFileReference; explicitFileType = wrapper.application; includeInIndex = 0; path = XunChangApp.app; sourceTree = BUILT_PRODUCTS_DIR; };
		C29109C21CD83A5100AA894C /* main.m */ = {isa = PBXFileReference; lastKnownFileType = sourcecode.c.objc; path = main.m; sourceTree = "<group>"; };
		C29109C41CD83A5100AA894C /* AppDelegate.h */ = {isa = PBXFileReference; lastKnownFileType = sourcecode.c.h; path = AppDelegate.h; sourceTree = "<group>"; };
		C29109C51CD83A5100AA894C /* AppDelegate.m */ = {isa = PBXFileReference; lastKnownFileType = sourcecode.c.objc; path = AppDelegate.m; sourceTree = "<group>"; };
		C29109C71CD83A5100AA894C /* ViewController.h */ = {isa = PBXFileReference; lastKnownFileType = sourcecode.c.h; path = ViewController.h; sourceTree = "<group>"; };
		C29109C81CD83A5100AA894C /* ViewController.m */ = {isa = PBXFileReference; lastKnownFileType = sourcecode.c.objc; path = ViewController.m; sourceTree = "<group>"; };
		C29109CB1CD83A5100AA894C /* Base */ = {isa = PBXFileReference; lastKnownFileType = file.storyboard; name = Base; path = Base.lproj/Main.storyboard; sourceTree = "<group>"; };
		C29109CD1CD83A5100AA894C /* Assets.xcassets */ = {isa = PBXFileReference; lastKnownFileType = folder.assetcatalog; path = Assets.xcassets; sourceTree = "<group>"; };
		C29109D01CD83A5100AA894C /* Base */ = {isa = PBXFileReference; lastKnownFileType = file.storyboard; name = Base; path = Base.lproj/LaunchScreen.storyboard; sourceTree = "<group>"; };
		C29109D21CD83A5100AA894C /* Info.plist */ = {isa = PBXFileReference; lastKnownFileType = text.plist.xml; path = Info.plist; sourceTree = "<group>"; };
		E01770BE531149933E3560A4 /* Pods.debug.xcconfig */ = {isa = PBXFileReference; includeInIndex = 1; lastKnownFileType = text.xcconfig; name = Pods.debug.xcconfig; path = "Pods/Target Support Files/Pods/Pods.debug.xcconfig"; sourceTree = "<group>"; };
		FE0AE3D1D0FC78DE6B669101 /* libPods.a */ = {isa = PBXFileReference; explicitFileType = archive.ar; includeInIndex = 0; path = libPods.a; sourceTree = BUILT_PRODUCTS_DIR; };
/* End PBXFileReference section */

/* Begin PBXFrameworksBuildPhase section */
		C29109BB1CD83A5100AA894C /* Frameworks */ = {
			isa = PBXFrameworksBuildPhase;
			buildActionMask = 2147483647;
			files = (
				96169957F21146DB6F87FD90 /* libPods.a in Frameworks */,
			);
			runOnlyForDeploymentPostprocessing = 0;
		};
/* End PBXFrameworksBuildPhase section */

/* Begin PBXGroup section */
		7D28347B492FD3378E3F8B23 /* Frameworks */ = {
			isa = PBXGroup;
			children = (
				FE0AE3D1D0FC78DE6B669101 /* libPods.a */,
			);
			name = Frameworks;
			sourceTree = "<group>";
		};
		A901CD9357CEAF6F93702BB3 /* Pods */ = {
			isa = PBXGroup;
			children = (
				E01770BE531149933E3560A4 /* Pods.debug.xcconfig */,
				0E15B6C8D98E38A94C32F5FC /* Pods.release.xcconfig */,
			);
			name = Pods;
			sourceTree = "<group>";
		};
		C29109B51CD83A5100AA894C = {
			isa = PBXGroup;
			children = (
				C29109C01CD83A5100AA894C /* XunChangApp */,
				C29109BF1CD83A5100AA894C /* Products */,
				A901CD9357CEAF6F93702BB3 /* Pods */,
				7D28347B492FD3378E3F8B23 /* Frameworks */,
			);
			sourceTree = "<group>";
		};
		C29109BF1CD83A5100AA894C /* Products */ = {
			isa = PBXGroup;
			children = (
				C29109BE1CD83A5100AA894C /* XunChangApp.app */,
			);
			name = Products;
			sourceTree = "<group>";
		};
		C29109C01CD83A5100AA894C /* XunChangApp */ = {
			isa = PBXGroup;
			children = (
				C29109C41CD83A5100AA894C /* AppDelegate.h */,
				C29109C51CD83A5100AA894C /* AppDelegate.m */,
				C29109C71CD83A5100AA894C /* ViewController.h */,
				C29109C81CD83A5100AA894C /* ViewController.m */,
				C29109CA1CD83A5100AA894C /* Main.storyboard */,
				C29109CD1CD83A5100AA894C /* Assets.xcassets */,
				C29109CF1CD83A5100AA894C /* LaunchScreen.storyboard */,
				C29109D21CD83A5100AA894C /* Info.plist */,
				C29109C11CD83A5100AA894C /* Supporting Files */,
			);
			path = XunChangApp;
			sourceTree = "<group>";
		};
		C29109C11CD83A5100AA894C /* Supporting Files */ = {
			isa = PBXGroup;
			children = (
				C29109C21CD83A5100AA894C /* main.m */,
			);
			name = "Supporting Files";
			sourceTree = "<group>";
		};
/* End PBXGroup section */

/* Begin PBXNativeTarget section */
		C29109BD1CD83A5100AA894C /* XunChangApp */ = {
			isa = PBXNativeTarget;
			buildConfigurationList = C29109D51CD83A5100AA894C /* Build configuration list for PBXNativeTarget "XunChangApp" */;
			buildPhases = (
				A62D43B8EC2610F7BACFF248 /* Check Pods Manifest.lock */,
				C29109BA1CD83A5100AA894C /* Sources */,
				C29109BB1CD83A5100AA894C /* Frameworks */,
				C29109BC1CD83A5100AA894C /* Resources */,
				9EE7ADD1F5BF01F8B54543C1 /* Embed Pods Frameworks */,
				629FBC0384B69125A69AA2B0 /* Copy Pods Resources */,
			);
			buildRules = (
			);
			dependencies = (
			);
			name = XunChangApp;
			productName = XunChangApp;
			productReference = C29109BE1CD83A5100AA894C /* XunChangApp.app */;
			productType = "com.apple.product-type.application";
		};
/* End PBXNativeTarget section */

/* Begin PBXProject section */
		C29109B61CD83A5100AA894C /* Project object */ = {
			isa = PBXProject;
			attributes = {
				LastUpgradeCheck = 0730;
				ORGANIZATIONNAME = zhangyong;
				TargetAttributes = {
					C29109BD1CD83A5100AA894C = {
						CreatedOnToolsVersion = 7.3;
					};
				};
			};
			buildConfigurationList = C29109B91CD83A5100AA894C /* Build configuration list for PBXProject "XunChangApp" */;
			compatibilityVersion = "Xcode 3.2";
			developmentRegion = English;
			hasScannedForEncodings = 0;
			knownRegions = (
				en,
				Base,
			);
			mainGroup = C29109B51CD83A5100AA894C;
			productRefGroup = C29109BF1CD83A5100AA894C /* Products */;
			projectDirPath = "";
			projectRoot = "";
			targets = (
				C29109BD1CD83A5100AA894C /* XunChangApp */,
			);
		};
/* End PBXProject section */

/* Begin PBXResourcesBuildPhase section */
		C29109BC1CD83A5100AA894C /* Resources */ = {
			isa = PBXResourcesBuildPhase;
			buildActionMask = 2147483647;
			files = (
				C29109D11CD83A5100AA894C /* LaunchScreen.storyboard in Resources */,
				C29109CE1CD83A5100AA894C /* Assets.xcassets in Resources */,
				C29109CC1CD83A5100AA894C /* Main.storyboard in Resources */,
			);
			runOnlyForDeploymentPostprocessing = 0;
		};
/* End PBXResourcesBuildPhase section */

/* Begin PBXShellScriptBuildPhase section */
		629FBC0384B69125A69AA2B0 /* Copy Pods Resources */ = {
			isa = PBXShellScriptBuildPhase;
			buildActionMask = 2147483647;
			files = (
			);
			inputPaths = (
			);
			name = "Copy Pods Resources";
			outputPaths = (
			);
			runOnlyForDeploymentPostprocessing = 0;
			shellPath = /bin/sh;
			shellScript = "\"${SRCROOT}/Pods/Target Support Files/Pods/Pods-resources.sh\"\n";
			showEnvVarsInLog = 0;
		};
		9EE7ADD1F5BF01F8B54543C1 /* Embed Pods Frameworks */ = {
			isa = PBXShellScriptBuildPhase;
			buildActionMask = 2147483647;
			files = (
			);
			inputPaths = (
			);
			name = "Embed Pods Frameworks";
			outputPaths = (
			);
			runOnlyForDeploymentPostprocessing = 0;
			shellPath = /bin/sh;
			shellScript = "\"${SRCROOT}/Pods/Target Support Files/Pods/Pods-frameworks.sh\"\n";
			showEnvVarsInLog = 0;
		};
		A62D43B8EC2610F7BACFF248 /* Check Pods Manifest.lock */ = {
			isa = PBXShellScriptBuildPhase;
			buildActionMask = 2147483647;
			files = (
			);
			inputPaths = (
			);
			name = "Check Pods Manifest.lock";
			outputPaths = (
			);
			runOnlyForDeploymentPostprocessing = 0;
			shellPath = /bin/sh;
			shellScript = "diff \"${PODS_ROOT}/../Podfile.lock\" \"${PODS_ROOT}/Manifest.lock\" > /dev/null\nif [[ $? != 0 ]] ; then\n    cat << EOM\nerror: The sandbox is not in sync with the Podfile.lock. Run 'pod install' or update your CocoaPods installation.\nEOM\n    exit 1\nfi\n";
			showEnvVarsInLog = 0;
		};
/* End PBXShellScriptBuildPhase section */

/* Begin PBXSourcesBuildPhase section */
		C29109BA1CD83A5100AA894C /* Sources */ = {
			isa = PBXSourcesBuildPhase;
			buildActionMask = 2147483647;
			files = (
				C29109C91CD83A5100AA894C /* ViewController.m in Sources */,
				C29109C61CD83A5100AA894C /* AppDelegate.m in Sources */,
				C29109C31CD83A5100AA894C /* main.m in Sources */,
			);
			runOnlyForDeploymentPostprocessing = 0;
		};
/* End PBXSourcesBuildPhase section */

/* Begin PBXVariantGroup section */
		C29109CA1CD83A5100AA894C /* Main.storyboard */ = {
			isa = PBXVariantGroup;
			children = (
				C29109CB1CD83A5100AA894C /* Base */,
			);
			name = Main.storyboard;
			sourceTree = "<group>";
		};
		C29109CF1CD83A5100AA894C /* LaunchScreen.storyboard */ = {
			isa = PBXVariantGroup;
			children = (
				C29109D01CD83A5100AA894C /* Base */,
			);
			name = LaunchScreen.storyboard;
			sourceTree = "<group>";
		};
/* End PBXVariantGroup section */

/* Begin XCBuildConfiguration section */
		C29109D31CD83A5100AA894C /* Debug */ = {
			isa = XCBuildConfiguration;
			buildSettings = {
				ALWAYS_SEARCH_USER_PATHS = NO;
				CLANG_ANALYZER_NONNULL = YES;
				CLANG_CXX_LANGUAGE_STANDARD = "gnu++0x";
				CLANG_CXX_LIBRARY = "libc++";
				CLANG_ENABLE_MODULES = YES;
				CLANG_ENABLE_OBJC_ARC = YES;
				CLANG_WARN_BOOL_CONVERSION = YES;
				CLANG_WARN_CONSTANT_CONVERSION = YES;
				CLANG_WARN_DIRECT_OBJC_ISA_USAGE = YES_ERROR;
				CLANG_WARN_EMPTY_BODY = YES;
				CLANG_WARN_ENUM_CONVERSION = YES;
				CLANG_WARN_INT_CONVERSION = YES;
				CLANG_WARN_OBJC_ROOT_CLASS = YES_ERROR;
				CLANG_WARN_UNREACHABLE_CODE = YES;
				CLANG_WARN__DUPLICATE_METHOD_MATCH = YES;
				"CODE_SIGN_IDENTITY[sdk=iphoneos*]" = "iPhone Developer";
				COPY_PHASE_STRIP = NO;
				DEBUG_INFORMATION_FORMAT = dwarf;
				ENABLE_STRICT_OBJC_MSGSEND = YES;
				ENABLE_TESTABILITY = YES;
				GCC_C_LANGUAGE_STANDARD = gnu99;
				GCC_DYNAMIC_NO_PIC = NO;
				GCC_NO_COMMON_BLOCKS = YES;
				GCC_OPTIMIZATION_LEVEL = 0;
				GCC_PREPROCESSOR_DEFINITIONS = (
					"DEBUG=1",
					"$(inherited)",
				);
				GCC_WARN_64_TO_32_BIT_CONVERSION = YES;
				GCC_WARN_ABOUT_RETURN_TYPE = YES_ERROR;
				GCC_WARN_UNDECLARED_SELECTOR = YES;
				GCC_WARN_UNINITIALIZED_AUTOS = YES_AGGRESSIVE;
				GCC_WARN_UNUSED_FUNCTION = YES;
				GCC_WARN_UNUSED_VARIABLE = YES;
				IPHONEOS_DEPLOYMENT_TARGET = 9.3;
				MTL_ENABLE_DEBUG_INFO = YES;
				ONLY_ACTIVE_ARCH = YES;
				SDKROOT = iphoneos;
			};
			name = Debug;
		};
		C29109D41CD83A5100AA894C /* Release */ = {
			isa = XCBuildConfiguration;
			buildSettings = {
				ALWAYS_SEARCH_USER_PATHS = NO;
				CLANG_ANALYZER_NONNULL = YES;
				CLANG_CXX_LANGUAGE_STANDARD = "gnu++0x";
				CLANG_CXX_LIBRARY = "libc++";
				CLANG_ENABLE_MODULES = YES;
				CLANG_ENABLE_OBJC_ARC = YES;
				CLANG_WARN_BOOL_CONVERSION = YES;
				CLANG_WARN_CONSTANT_CONVERSION = YES;
				CLANG_WARN_DIRECT_OBJC_ISA_USAGE = YES_ERROR;
				CLANG_WARN_EMPTY_BODY = YES;
				CLANG_WARN_ENUM_CONVERSION = YES;
				CLANG_WARN_INT_CONVERSION = YES;
				CLANG_WARN_OBJC_ROOT_CLASS = YES_ERROR;
				CLANG_WARN_UNREACHABLE_CODE = YES;
				CLANG_WARN__DUPLICATE_METHOD_MATCH = YES;
				"CODE_SIGN_IDENTITY[sdk=iphoneos*]" = "iPhone Developer";
				COPY_PHASE_STRIP = NO;
				DEBUG_INFORMATION_FORMAT = "dwarf-with-dsym";
				ENABLE_NS_ASSERTIONS = NO;
				ENABLE_STRICT_OBJC_MSGSEND = YES;
				GCC_C_LANGUAGE_STANDARD = gnu99;
				GCC_NO_COMMON_BLOCKS = YES;
				GCC_WARN_64_TO_32_BIT_CONVERSION = YES;
				GCC_WARN_ABOUT_RETURN_TYPE = YES_ERROR;
				GCC_WARN_UNDECLARED_SELECTOR = YES;
				GCC_WARN_UNINITIALIZED_AUTOS = YES_AGGRESSIVE;
				GCC_WARN_UNUSED_FUNCTION = YES;
				GCC_WARN_UNUSED_VARIABLE = YES;
				IPHONEOS_DEPLOYMENT_TARGET = 9.3;
				MTL_ENABLE_DEBUG_INFO = NO;
				SDKROOT = iphoneos;
				VALIDATE_PRODUCT = YES;
			};
			name = Release;
		};
		C29109D61CD83A5100AA894C /* Debug */ = {
			isa = XCBuildConfiguration;
			baseConfigurationReference = E01770BE531149933E3560A4 /* Pods.debug.xcconfig */;
			buildSettings = {
				ASSETCATALOG_COMPILER_APPICON_NAME = AppIcon;
				INFOPLIST_FILE = XunChangApp/Info.plist;
				IPHONEOS_DEPLOYMENT_TARGET = 7.0;
				LD_RUNPATH_SEARCH_PATHS = "$(inherited) @executable_path/Frameworks";
				PRODUCT_BUNDLE_IDENTIFIER = MrZhang.XunChangApp;
				PRODUCT_NAME = "$(TARGET_NAME)";
			};
			name = Debug;
		};
		C29109D71CD83A5100AA894C /* Release */ = {
			isa = XCBuildConfiguration;
			baseConfigurationReference = 0E15B6C8D98E38A94C32F5FC /* Pods.release.xcconfig */;
			buildSettings = {
				ASSETCATALOG_COMPILER_APPICON_NAME = AppIcon;
				INFOPLIST_FILE = XunChangApp/Info.plist;
				IPHONEOS_DEPLOYMENT_TARGET = 7.0;
				LD_RUNPATH_SEARCH_PATHS = "$(inherited) @executable_path/Frameworks";
				PRODUCT_BUNDLE_IDENTIFIER = MrZhang.XunChangApp;
				PRODUCT_NAME = "$(TARGET_NAME)";
			};
			name = Release;
		};
/* End XCBuildConfiguration section */

/* Begin XCConfigurationList section */
		C29109B91CD83A5100AA894C /* Build configuration list for PBXProject "XunChangApp" */ = {
			isa = XCConfigurationList;
			buildConfigurations = (
				C29109D31CD83A5100AA894C /* Debug */,
				C29109D41CD83A5100AA894C /* Release */,
			);
			defaultConfigurationIsVisible = 0;
			defaultConfigurationName = Release;
		};
		C29109D51CD83A5100AA894C /* Build configuration list for PBXNativeTarget "XunChangApp" */ = {
			isa = XCConfigurationList;
			buildConfigurations = (
				C29109D61CD83A5100AA894C /* Debug */,
				C29109D71CD83A5100AA894C /* Release */,
			);
			defaultConfigurationIsVisible = 0;
			defaultConfigurationName = Release;
		};
/* End XCConfigurationList section */
	};
	rootObject = C29109B61CD83A5100AA894C /* Project object */;
}
